// !$*UTF8*$!
{
	archiveVersion = 1;
	classes = {
	};
	objectVersion = 50;
	objects = {

/* Begin PBXBuildFile section */
		788612C224F4A2CD0079E2A3 /* AppDelegate.swift in Sources */ = {isa = PBXBuildFile; fileRef = 788612C124F4A2CD0079E2A3 /* AppDelegate.swift */; };
		788612C424F4A2CD0079E2A3 /* SceneDelegate.swift in Sources */ = {isa = PBXBuildFile; fileRef = 788612C324F4A2CD0079E2A3 /* SceneDelegate.swift */; };
		788612C624F4A2CD0079E2A3 /* ContentView.swift in Sources */ = {isa = PBXBuildFile; fileRef = 788612C524F4A2CD0079E2A3 /* ContentView.swift */; };
		788612C824F4A2CE0079E2A3 /* Assets.xcassets in Resources */ = {isa = PBXBuildFile; fileRef = 788612C724F4A2CE0079E2A3 /* Assets.xcassets */; };
		788612CB24F4A2CE0079E2A3 /* Preview Assets.xcassets in Resources */ = {isa = PBXBuildFile; fileRef = 788612CA24F4A2CE0079E2A3 /* Preview Assets.xcassets */; };
		788612CE24F4A2CE0079E2A3 /* LaunchScreen.storyboard in Resources */ = {isa = PBXBuildFile; fileRef = 788612CC24F4A2CE0079E2A3 /* LaunchScreen.storyboard */; };
		788612D624F4A5530079E2A3 /* Units.swift in Sources */ = {isa = PBXBuildFile; fileRef = 788612D524F4A5530079E2A3 /* Units.swift */; };
/* End PBXBuildFile section */

/* Begin PBXFileReference section */
		6E889479F90B90D6C33EAF17 /* .gitignore */ = {isa = PBXFileReference; lastKnownFileType = file.gitignore; path = .gitignore; sourceTree = "<group>"; };
		788612BE24F4A2CD0079E2A3 /* LengthTool.app */ = {isa = PBXFileReference; explicitFileType = wrapper.application; includeInIndex = 0; path = LengthTool.app; sourceTree = BUILT_PRODUCTS_DIR; };
		788612C124F4A2CD0079E2A3 /* AppDelegate.swift */ = {isa = PBXFileReference; lastKnownFileType = sourcecode.swift; path = AppDelegate.swift; sourceTree = "<group>"; };
		788612C324F4A2CD0079E2A3 /* SceneDelegate.swift */ = {isa = PBXFileReference; lastKnownFileType = sourcecode.swift; path = SceneDelegate.swift; sourceTree = "<group>"; };
		788612C524F4A2CD0079E2A3 /* ContentView.swift */ = {isa = PBXFileReference; lastKnownFileType = sourcecode.swift; path = ContentView.swift; sourceTree = "<group>"; };
		788612C724F4A2CE0079E2A3 /* Assets.xcassets */ = {isa = PBXFileReference; lastKnownFileType = folder.assetcatalog; path = Assets.xcassets; sourceTree = "<group>"; };
		788612CA24F4A2CE0079E2A3 /* Preview Assets.xcassets */ = {isa = PBXFileReference; lastKnownFileType = folder.assetcatalog; path = "Preview Assets.xcassets"; sourceTree = "<group>"; };
		788612CD24F4A2CE0079E2A3 /* Base */ = {isa = PBXFileReference; lastKnownFileType = file.storyboard; name = Base; path = Base.lproj/LaunchScreen.storyboard; sourceTree = "<group>"; };
		788612CF24F4A2CE0079E2A3 /* Info.plist */ = {isa = PBXFileReference; lastKnownFileType = text.plist.xml; path = Info.plist; sourceTree = "<group>"; };
		788612D524F4A5530079E2A3 /* Units.swift */ = {isa = PBXFileReference; lastKnownFileType = sourcecode.swift; path = Units.swift; sourceTree = "<group>"; };
/* End PBXFileReference section */

/* Begin PBXFrameworksBuildPhase section */
		788612BB24F4A2CD0079E2A3 /* Frameworks */ = {
			isa = PBXFrameworksBuildPhase;
			buildActionMask = 2147483647;
			files = (
			);
			runOnlyForDeploymentPostprocessing = 0;
		};
/* End PBXFrameworksBuildPhase section */

/* Begin PBXGroup section */
		788612B524F4A2CD0079E2A3 = {
			isa = PBXGroup;
			children = (
				788612C024F4A2CD0079E2A3 /* LengthTool */,
				788612BF24F4A2CD0079E2A3 /* Products */,
				6E889479F90B90D6C33EAF17 /* .gitignore */,
			);
			sourceTree = "<group>";
		};
		788612BF24F4A2CD0079E2A3 /* Products */ = {
			isa = PBXGroup;
			children = (
				788612BE24F4A2CD0079E2A3 /* LengthTool.app */,
			);
			name = Products;
			sourceTree = "<group>";
		};
		788612C024F4A2CD0079E2A3 /* LengthTool */ = {
			isa = PBXGroup;
			children = (
				788612C124F4A2CD0079E2A3 /* AppDelegate.swift */,
				788612C324F4A2CD0079E2A3 /* SceneDelegate.swift */,
				788612C524F4A2CD0079E2A3 /* ContentView.swift */,
				788612C724F4A2CE0079E2A3 /* Assets.xcassets */,
				788612CC24F4A2CE0079E2A3 /* LaunchScreen.storyboard */,
				788612CF24F4A2CE0079E2A3 /* Info.plist */,
				788612C924F4A2CE0079E2A3 /* Preview Content */,
				788612D524F4A5530079E2A3 /* Units.swift */,
			);
			path = LengthTool;
			sourceTree = "<group>";
		};
		788612C924F4A2CE0079E2A3 /* Preview Content */ = {
			isa = PBXGroup;
			children = (
				788612CA24F4A2CE0079E2A3 /* Preview Assets.xcassets */,
			);
			path = "Preview Content";
			sourceTree = "<group>";
		};
/* End PBXGroup section */

/* Begin PBXNativeTarget section */
		788612BD24F4A2CD0079E2A3 /* LengthTool */ = {
			isa = PBXNativeTarget;
			buildConfigurationList = 788612D224F4A2CE0079E2A3 /* Build configuration list for PBXNativeTarget "LengthTool" */;
			buildPhases = (
				788612BA24F4A2CD0079E2A3 /* Sources */,
				788612BB24F4A2CD0079E2A3 /* Frameworks */,
				788612BC24F4A2CD0079E2A3 /* Resources */,
			);
			buildRules = (
			);
			dependencies = (
			);
			name = LengthTool;
			productName = LengthTool;
			productReference = 788612BE24F4A2CD0079E2A3 /* LengthTool.app */;
			productType = "com.apple.product-type.application";
		};
/* End PBXNativeTarget section */

/* Begin PBXProject section */
		788612B624F4A2CD0079E2A3 /* Project object */ = {
			isa = PBXProject;
			attributes = {
				LastSwiftUpdateCheck = 1160;
				LastUpgradeCheck = 1160;
				ORGANIZATIONNAME = "Zijie Wu";
				TargetAttributes = {
					788612BD24F4A2CD0079E2A3 = {
						CreatedOnToolsVersion = 11.6;
					};
				};
			};
			buildConfigurationList = 788612B924F4A2CD0079E2A3 /* Build configuration list for PBXProject "LengthTool" */;
			compatibilityVersion = "Xcode 9.3";
			developmentRegion = en;
			hasScannedForEncodings = 0;
			knownRegions = (
				en,
				Base,
			);
			mainGroup = 788612B524F4A2CD0079E2A3;
			productRefGroup = 788612BF24F4A2CD0079E2A3 /* Products */;
			projectDirPath = "";
			projectRoot = "";
			targets = (
				788612BD24F4A2CD0079E2A3 /* LengthTool */,
			);
		};
/* End PBXProject section */

/* Begin PBXResourcesBuildPhase section */
		788612BC24F4A2CD0079E2A3 /* Resources */ = {
			isa = PBXResourcesBuildPhase;
			buildActionMask = 2147483647;
			files = (
				788612CE24F4A2CE0079E2A3 /* LaunchScreen.storyboard in Resources */,
				788612CB24F4A2CE0079E2A3 /* Preview Assets.xcassets in Resources */,
				788612C824F4A2CE0079E2A3 /* Assets.xcassets in Resources */,
			);
			runOnlyForDeploymentPostprocessing = 0;
		};
/* End PBXResourcesBuildPhase section */

/* Begin PBXSourcesBuildPhase section */
		788612BA24F4A2CD0079E2A3 /* Sources */ = {
			isa = PBXSourcesBuildPhase;
			buildActionMask = 2147483647;
			files = (
				788612C224F4A2CD0079E2A3 /* AppDelegate.swift in Sources */,
				788612D624F4A5530079E2A3 /* Units.swift in Sources */,
				788612C424F4A2CD0079E2A3 /* SceneDelegate.swift in Sources */,
				788612C624F4A2CD0079E2A3 /* ContentView.swift in Sources */,
			);
			runOnlyForDeploymentPostprocessing = 0;
		};
/* End PBXSourcesBuildPhase section */

/* Begin PBXVariantGroup section */
		788612CC24F4A2CE0079E2A3 /* LaunchScreen.storyboard */ = {
			isa = PBXVariantGroup;
			children = (
				788612CD24F4A2CE0079E2A3 /* Base */,
			);
			name = LaunchScreen.storyboard;
			sourceTree = "<group>";
		};
/* End PBXVariantGroup section */

/* Begin XCBuildConfiguration section */
		788612D024F4A2CE0079E2A3 /* Debug */ = {
			isa = XCBuildConfiguration;
			buildSettings = {
				ALWAYS_SEARCH_USER_PATHS = NO;
				CLANG_ANALYZER_NONNULL = YES;
				CLANG_ANALYZER_NUMBER_OBJECT_CONVERSION = YES_AGGRESSIVE;
				CLANG_CXX_LANGUAGE_STANDARD = "gnu++14";
				CLANG_CXX_LIBRARY = "libc++";
				CLANG_ENABLE_MODULES = YES;
				CLANG_ENABLE_OBJC_ARC = YES;
				CLANG_ENABLE_OBJC_WEAK = YES;
				CLANG_WARN_BLOCK_CAPTURE_AUTORELEASING = YES;
				CLANG_WARN_BOOL_CONVERSION = YES;
				CLANG_WARN_COMMA = YES;
				CLANG_WARN_CONSTANT_CONVERSION = YES;
				CLANG_WARN_DEPRECATED_OBJC_IMPLEMENTATIONS = YES;
				CLANG_WARN_DIRECT_OBJC_ISA_USAGE = YES_ERROR;
				CLANG_WARN_DOCUMENTATION_COMMENTS = YES;
				CLANG_WARN_EMPTY_BODY = YES;
				CLANG_WARN_ENUM_CONVERSION = YES;
				CLANG_WARN_INFINITE_RECURSION = YES;
				CLANG_WARN_INT_CONVERSION = YES;
				CLANG_WARN_NON_LITERAL_NULL_CONVERSION = YES;
				CLANG_WARN_OBJC_IMPLICIT_RETAIN_SELF = YES;
				CLANG_WARN_OBJC_LITERAL_CONVERSION = YES;
				CLANG_WARN_OBJC_ROOT_CLASS = YES_ERROR;
				CLANG_WARN_RANGE_LOOP_ANALYSIS = YES;
				CLANG_WARN_STRICT_PROTOTYPES = YES;
				CLANG_WARN_SUSPICIOUS_MOVE = YES;
				CLANG_WARN_UNGUARDED_AVAILABILITY = YES_AGGRESSIVE;
				CLANG_WARN_UNREACHABLE_CODE = YES;
				CLANG_WARN__DUPLICATE_METHOD_MATCH = YES;
				COPY_PHASE_STRIP = NO;
				DEBUG_INFORMATION_FORMAT = dwarf;
				ENABLE_STRICT_OBJC_MSGSEND = YES;
				ENABLE_TESTABILITY = YES;
				GCC_C_LANGUAGE_STANDARD = gnu11;
				GCC_DYNAMIC_NO_PIC = NO;
				GCC_NO_COMMON_BLOCKS = YES;
				GCC_OPTIMIZATION_LEVEL = 0;
				GCC_PREPROCESSOR_DEFINITIONS = (
					"DEBUG=1",
					"$(inherited)",
				);
				GCC_WARN_64_TO_32_BIT_CONVERSION = YES;
				GCC_WARN_ABOUT_RETURN_TYPE = YES_ERROR;
				GCC_WARN_UNDECLARED_SELECTOR = YES;
				GCC_WARN_UNINITIALIZED_AUTOS = YES_AGGRESSIVE;
				GCC_WARN_UNUSED_FUNCTION = YES;
				GCC_WARN_UNUSED_VARIABLE = YES;
				IPHONEOS_DEPLOYMENT_TARGET = 13.6;
				MTL_ENABLE_DEBUG_INFO = INCLUDE_SOURCE;
				MTL_FAST_MATH = YES;
				ONLY_ACTIVE_ARCH = YES;
				SDKROOT = iphoneos;
				SWIFT_ACTIVE_COMPILATION_CONDITIONS = DEBUG;
				SWIFT_OPTIMIZATION_LEVEL = "-Onone";
			};
			name = Debug;
		};
		788612D124F4A2CE0079E2A3 /* Release */ = {
			isa = XCBuildConfiguration;
			buildSettings = {
				ALWAYS_SEARCH_USER_PATHS = NO;
				CLANG_ANALYZER_NONNULL = YES;
				CLANG_ANALYZER_NUMBER_OBJECT_CONVERSION = YES_AGGRESSIVE;
				CLANG_CXX_LANGUAGE_STANDARD = "gnu++14";
				CLANG_CXX_LIBRARY = "libc++";
				CLANG_ENABLE_MODULES = YES;
				CLANG_ENABLE_OBJC_ARC = YES;
				CLANG_ENABLE_OBJC_WEAK = YES;
				CLANG_WARN_BLOCK_CAPTURE_AUTORELEASING = YES;
				CLANG_WARN_BOOL_CONVERSION = YES;
				CLANG_WARN_COMMA = YES;
				CLANG_WARN_CONSTANT_CONVERSION = YES;
				CLANG_WARN_DEPRECATED_OBJC_IMPLEMENTATIONS = YES;
				CLANG_WARN_DIRECT_OBJC_ISA_USAGE = YES_ERROR;
				CLANG_WARN_DOCUMENTATION_COMMENTS = YES;
				CLANG_WARN_EMPTY_BODY = YES;
				CLANG_WARN_ENUM_CONVERSION = YES;
				CLANG_WARN_INFINITE_RECURSION = YES;
				CLANG_WARN_INT_CONVERSION = YES;
				CLANG_WARN_NON_LITERAL_NULL_CONVERSION = YES;
				CLANG_WARN_OBJC_IMPLICIT_RETAIN_SELF = YES;
				CLANG_WARN_OBJC_LITERAL_CONVERSION = YES;
				CLANG_WARN_OBJC_ROOT_CLASS = YES_ERROR;
				CLANG_WARN_RANGE_LOOP_ANALYSIS = YES;
				CLANG_WARN_STRICT_PROTOTYPES = YES;
				CLANG_WARN_SUSPICIOUS_MOVE = YES;
				CLANG_WARN_UNGUARDED_AVAILABILITY = YES_AGGRESSIVE;
				CLANG_WARN_UNREACHABLE_CODE = YES;
				CLANG_WARN__DUPLICATE_METHOD_MATCH = YES;
				COPY_PHASE_STRIP = NO;
				DEBUG_INFORMATION_FORMAT = "dwarf-with-dsym";
				ENABLE_NS_ASSERTIONS = NO;
				ENABLE_STRICT_OBJC_MSGSEND = YES;
				GCC_C_LANGUAGE_STANDARD = gnu11;
				GCC_NO_COMMON_BLOCKS = YES;
				GCC_WARN_64_TO_32_BIT_CONVERSION = YES;
				GCC_WARN_ABOUT_RETURN_TYPE = YES_ERROR;
				GCC_WARN_UNDECLARED_SELECTOR = YES;
				GCC_WARN_UNINITIALIZED_AUTOS = YES_AGGRESSIVE;
				GCC_WARN_UNUSED_FUNCTION = YES;
				GCC_WARN_UNUSED_VARIABLE = YES;
				IPHONEOS_DEPLOYMENT_TARGET = 13.6;
				MTL_ENABLE_DEBUG_INFO = NO;
				MTL_FAST_MATH = YES;
				SDKROOT = iphoneos;
				SWIFT_COMPILATION_MODE = wholemodule;
				SWIFT_OPTIMIZATION_LEVEL = "-O";
				VALIDATE_PRODUCT = YES;
			};
			name = Release;
		};
		788612D324F4A2CE0079E2A3 /* Debug */ = {
			isa = XCBuildConfiguration;
			buildSettings = {
				ASSETCATALOG_COMPILER_APPICON_NAME = AppIcon;
				CODE_SIGN_STYLE = Automatic;
				DEVELOPMENT_ASSET_PATHS = "\"LengthTool/Preview Content\"";
				DEVELOPMENT_TEAM = SB82G5S6HE;
				ENABLE_PREVIEWS = YES;
				INFOPLIST_FILE = LengthTool/Info.plist;
				LD_RUNPATH_SEARCH_PATHS = (
					"$(inherited)",
					"@executable_path/Frameworks",
				);
				PRODUCT_BUNDLE_IDENTIFIER = biz.kksk.LengthTool;
				PRODUCT_NAME = "$(TARGET_NAME)";
				SWIFT_VERSION = 5.0;
				TARGETED_DEVICE_FAMILY = 1;
			};
			name = Debug;
		};
		788612D424F4A2CE0079E2A3 /* Release */ = {
			isa = XCBuildConfiguration;
			buildSettings = {
				ASSETCATALOG_COMPILER_APPICON_NAME = AppIcon;
				CODE_SIGN_STYLE = Automatic;
				DEVELOPMENT_ASSET_PATHS = "\"LengthTool/Preview Content\"";
				DEVELOPMENT_TEAM = SB82G5S6HE;
				ENABLE_PREVIEWS = YES;
				INFOPLIST_FILE = LengthTool/Info.plist;
				LD_RUNPATH_SEARCH_PATHS = (
					"$(inherited)",
					"@executable_path/Frameworks",
				);
				PRODUCT_BUNDLE_IDENTIFIER = biz.kksk.LengthTool;
				PRODUCT_NAME = "$(TARGET_NAME)";
				SWIFT_VERSION = 5.0;
				TARGETED_DEVICE_FAMILY = 1;
			};
			name = Release;
		};
/* End XCBuildConfiguration section */

/* Begin XCConfigurationList section */
		788612B924F4A2CD0079E2A3 /* Build configuration list for PBXProject "LengthTool" */ = {
			isa = XCConfigurationList;
			buildConfigurations = (
				788612D024F4A2CE0079E2A3 /* Debug */,
				788612D124F4A2CE0079E2A3 /* Release */,
			);
			defaultConfigurationIsVisible = 0;
			defaultConfigurationName = Release;
		};
		788612D224F4A2CE0079E2A3 /* Build configuration list for PBXNativeTarget "LengthTool" */ = {
			isa = XCConfigurationList;
			buildConfigurations = (
				788612D324F4A2CE0079E2A3 /* Debug */,
				788612D424F4A2CE0079E2A3 /* Release */,
			);
			defaultConfigurationIsVisible = 0;
			defaultConfigurationName = Release;
		};
/* End XCConfigurationList section */
	};
	rootObject = 788612B624F4A2CD0079E2A3 /* Project object */;
}
